// !$*UTF8*$!
{
	archiveVersion = 1;
	classes = {
	};
	objectVersion = 46;
	objects = {

/* Begin PBXBuildFile section */
		D1BF06F91E1FB15700CADFD3 /* AppDelegate.swift in Sources */ = {isa = PBXBuildFile; fileRef = D1BF06F81E1FB15700CADFD3 /* AppDelegate.swift */; };
		D1BF06FB1E1FB15700CADFD3 /* ViewController.swift in Sources */ = {isa = PBXBuildFile; fileRef = D1BF06FA1E1FB15700CADFD3 /* ViewController.swift */; };
		D1BF06FE1E1FB15700CADFD3 /* Main.storyboard in Resources */ = {isa = PBXBuildFile; fileRef = D1BF06FC1E1FB15700CADFD3 /* Main.storyboard */; };
		D1BF07001E1FB15700CADFD3 /* Assets.xcassets in Resources */ = {isa = PBXBuildFile; fileRef = D1BF06FF1E1FB15700CADFD3 /* Assets.xcassets */; };
		D1BF07031E1FB15700CADFD3 /* LaunchScreen.storyboard in Resources */ = {isa = PBXBuildFile; fileRef = D1BF07011E1FB15700CADFD3 /* LaunchScreen.storyboard */; };
/* End PBXBuildFile section */

/* Begin PBXFileReference section */
		D1BF06F51E1FB15700CADFD3 /* MrtSnapchat.app */ = {isa = PBXFileReference; explicitFileType = wrapper.application; includeInIndex = 0; path = MrtSnapchat.app; sourceTree = BUILT_PRODUCTS_DIR; };
		D1BF06F81E1FB15700CADFD3 /* AppDelegate.swift */ = {isa = PBXFileReference; lastKnownFileType = sourcecode.swift; path = AppDelegate.swift; sourceTree = "<group>"; };
		D1BF06FA1E1FB15700CADFD3 /* ViewController.swift */ = {isa = PBXFileReference; lastKnownFileType = sourcecode.swift; path = ViewController.swift; sourceTree = "<group>"; };
		D1BF06FD1E1FB15700CADFD3 /* Base */ = {isa = PBXFileReference; lastKnownFileType = file.storyboard; name = Base; path = Base.lproj/Main.storyboard; sourceTree = "<group>"; };
		D1BF06FF1E1FB15700CADFD3 /* Assets.xcassets */ = {isa = PBXFileReference; lastKnownFileType = folder.assetcatalog; path = Assets.xcassets; sourceTree = "<group>"; };
		D1BF07021E1FB15700CADFD3 /* Base */ = {isa = PBXFileReference; lastKnownFileType = file.storyboard; name = Base; path = Base.lproj/LaunchScreen.storyboard; sourceTree = "<group>"; };
		D1BF07041E1FB15700CADFD3 /* Info.plist */ = {isa = PBXFileReference; lastKnownFileType = text.plist.xml; path = Info.plist; sourceTree = "<group>"; };
/* End PBXFileReference section */

/* Begin PBXFrameworksBuildPhase section */
		D1BF06F21E1FB15700CADFD3 /* Frameworks */ = {
			isa = PBXFrameworksBuildPhase;
			buildActionMask = 2147483647;
			files = (
			);
			runOnlyForDeploymentPostprocessing = 0;
		};
/* End PBXFrameworksBuildPhase section */

/* Begin PBXGroup section */
		D1BF06EC1E1FB15700CADFD3 = {
			isa = PBXGroup;
			children = (
				D1BF06F71E1FB15700CADFD3 /* MrtSnapchat */,
				D1BF06F61E1FB15700CADFD3 /* Products */,
			);
			sourceTree = "<group>";
		};
		D1BF06F61E1FB15700CADFD3 /* Products */ = {
			isa = PBXGroup;
			children = (
				D1BF06F51E1FB15700CADFD3 /* MrtSnapchat.app */,
			);
			name = Products;
			sourceTree = "<group>";
		};
		D1BF06F71E1FB15700CADFD3 /* MrtSnapchat */ = {
			isa = PBXGroup;
			children = (
				D1BF06F81E1FB15700CADFD3 /* AppDelegate.swift */,
				D1BF06FA1E1FB15700CADFD3 /* ViewController.swift */,
				D1BF06FC1E1FB15700CADFD3 /* Main.storyboard */,
				D1BF06FF1E1FB15700CADFD3 /* Assets.xcassets */,
				D1BF07011E1FB15700CADFD3 /* LaunchScreen.storyboard */,
				D1BF07041E1FB15700CADFD3 /* Info.plist */,
			);
			path = MrtSnapchat;
			sourceTree = "<group>";
		};
/* End PBXGroup section */

/* Begin PBXNativeTarget section */
		D1BF06F41E1FB15700CADFD3 /* MrtSnapchat */ = {
			isa = PBXNativeTarget;
			buildConfigurationList = D1BF07071E1FB15700CADFD3 /* Build configuration list for PBXNativeTarget "MrtSnapchat" */;
			buildPhases = (
				D1BF06F11E1FB15700CADFD3 /* Sources */,
				D1BF06F21E1FB15700CADFD3 /* Frameworks */,
				D1BF06F31E1FB15700CADFD3 /* Resources */,
			);
			buildRules = (
			);
			dependencies = (
			);
			name = MrtSnapchat;
			productName = MrtSnapchat;
			productReference = D1BF06F51E1FB15700CADFD3 /* MrtSnapchat.app */;
			productType = "com.apple.product-type.application";
		};
/* End PBXNativeTarget section */

/* Begin PBXProject section */
		D1BF06ED1E1FB15700CADFD3 /* Project object */ = {
			isa = PBXProject;
			attributes = {
				LastSwiftUpdateCheck = 0820;
				LastUpgradeCheck = 0820;
				ORGANIZATIONNAME = muratolcay;
				TargetAttributes = {
					D1BF06F41E1FB15700CADFD3 = {
						CreatedOnToolsVersion = 8.2.1;
						DevelopmentTeam = W4589PHM8K;
						ProvisioningStyle = Automatic;
					};
				};
			};
			buildConfigurationList = D1BF06F01E1FB15700CADFD3 /* Build configuration list for PBXProject "MrtSnapchat" */;
			compatibilityVersion = "Xcode 3.2";
			developmentRegion = English;
			hasScannedForEncodings = 0;
			knownRegions = (
				en,
				Base,
			);
			mainGroup = D1BF06EC1E1FB15700CADFD3;
			productRefGroup = D1BF06F61E1FB15700CADFD3 /* Products */;
			projectDirPath = "";
			projectRoot = "";
			targets = (
				D1BF06F41E1FB15700CADFD3 /* MrtSnapchat */,
			);
		};
/* End PBXProject section */

/* Begin PBXResourcesBuildPhase section */
		D1BF06F31E1FB15700CADFD3 /* Resources */ = {
			isa = PBXResourcesBuildPhase;
			buildActionMask = 2147483647;
			files = (
				D1BF07031E1FB15700CADFD3 /* LaunchScreen.storyboard in Resources */,
				D1BF07001E1FB15700CADFD3 /* Assets.xcassets in Resources */,
				D1BF06FE1E1FB15700CADFD3 /* Main.storyboard in Resources */,
			);
			runOnlyForDeploymentPostprocessing = 0;
		};
/* End PBXResourcesBuildPhase section */

/* Begin PBXSourcesBuildPhase section */
		D1BF06F11E1FB15700CADFD3 /* Sources */ = {
			isa = PBXSourcesBuildPhase;
			buildActionMask = 2147483647;
			files = (
				D1BF06FB1E1FB15700CADFD3 /* ViewController.swift in Sources */,
				D1BF06F91E1FB15700CADFD3 /* AppDelegate.swift in Sources */,
			);
			runOnlyForDeploymentPostprocessing = 0;
		};
/* End PBXSourcesBuildPhase section */

/* Begin PBXVariantGroup section */
		D1BF06FC1E1FB15700CADFD3 /* Main.storyboard */ = {
			isa = PBXVariantGroup;
			children = (
				D1BF06FD1E1FB15700CADFD3 /* Base */,
			);
			name = Main.storyboard;
			sourceTree = "<group>";
		};
		D1BF07011E1FB15700CADFD3 /* LaunchScreen.storyboard */ = {
			isa = PBXVariantGroup;
			children = (
				D1BF07021E1FB15700CADFD3 /* Base */,
			);
			name = LaunchScreen.storyboard;
			sourceTree = "<group>";
		};
/* End PBXVariantGroup section */

/* Begin XCBuildConfiguration section */
		D1BF07051E1FB15700CADFD3 /* Debug */ = {
			isa = XCBuildConfiguration;
			buildSettings = {
				ALWAYS_SEARCH_USER_PATHS = NO;
				CLANG_ANALYZER_NONNULL = YES;
				CLANG_CXX_LANGUAGE_STANDARD = "gnu++0x";
				CLANG_CXX_LIBRARY = "libc++";
				CLANG_ENABLE_MODULES = YES;
				CLANG_ENABLE_OBJC_ARC = YES;
				CLANG_WARN_BOOL_CONVERSION = YES;
				CLANG_WARN_CONSTANT_CONVERSION = YES;
				CLANG_WARN_DIRECT_OBJC_ISA_USAGE = YES_ERROR;
				CLANG_WARN_DOCUMENTATION_COMMENTS = YES;
				CLANG_WARN_EMPTY_BODY = YES;
				CLANG_WARN_ENUM_CONVERSION = YES;
				CLANG_WARN_INFINITE_RECURSION = YES;
				CLANG_WARN_INT_CONVERSION = YES;
				CLANG_WARN_OBJC_ROOT_CLASS = YES_ERROR;
				CLANG_WARN_SUSPICIOUS_MOVE = YES;
				CLANG_WARN_UNREACHABLE_CODE = YES;
				CLANG_WARN__DUPLICATE_METHOD_MATCH = YES;
				"CODE_SIGN_IDENTITY[sdk=iphoneos*]" = "iPhone Developer";
				COPY_PHASE_STRIP = NO;
				DEBUG_INFORMATION_FORMAT = dwarf;
				ENABLE_STRICT_OBJC_MSGSEND = YES;
				ENABLE_TESTABILITY = YES;
				GCC_C_LANGUAGE_STANDARD = gnu99;
				GCC_DYNAMIC_NO_PIC = NO;
				GCC_NO_COMMON_BLOCKS = YES;
				GCC_OPTIMIZATION_LEVEL = 0;
				GCC_PREPROCESSOR_DEFINITIONS = (
					"DEBUG=1",
					"$(inherited)",
				);
				GCC_WARN_64_TO_32_BIT_CONVERSION = YES;
				GCC_WARN_ABOUT_RETURN_TYPE = YES_ERROR;
				GCC_WARN_UNDECLARED_SELECTOR = YES;
				GCC_WARN_UNINITIALIZED_AUTOS = YES_AGGRESSIVE;
				GCC_WARN_UNUSED_FUNCTION = YES;
				GCC_WARN_UNUSED_VARIABLE = YES;
				IPHONEOS_DEPLOYMENT_TARGET = 10.2;
				MTL_ENABLE_DEBUG_INFO = YES;
				ONLY_ACTIVE_ARCH = YES;
				SDKROOT = iphoneos;
				SWIFT_ACTIVE_COMPILATION_CONDITIONS = DEBUG;
				SWIFT_OPTIMIZATION_LEVEL = "-Onone";
				TARGETED_DEVICE_FAMILY = "1,2";
			};
			name = Debug;
		};
		D1BF07061E1FB15700CADFD3 /* Release */ = {
			isa = XCBuildConfiguration;
			buildSettings = {
				ALWAYS_SEARCH_USER_PATHS = NO;
				CLANG_ANALYZER_NONNULL = YES;
				CLANG_CXX_LANGUAGE_STANDARD = "gnu++0x";
				CLANG_CXX_LIBRARY = "libc++";
				CLANG_ENABLE_MODULES = YES;
				CLANG_ENABLE_OBJC_ARC = YES;
				CLANG_WARN_BOOL_CONVERSION = YES;
				CLANG_WARN_CONSTANT_CONVERSION = YES;
				CLANG_WARN_DIRECT_OBJC_ISA_USAGE = YES_ERROR;
				CLANG_WARN_DOCUMENTATION_COMMENTS = YES;
				CLANG_WARN_EMPTY_BODY = YES;
				CLANG_WARN_ENUM_CONVERSION = YES;
				CLANG_WARN_INFINITE_RECURSION = YES;
				CLANG_WARN_INT_CONVERSION = YES;
				CLANG_WARN_OBJC_ROOT_CLASS = YES_ERROR;
				CLANG_WARN_SUSPICIOUS_MOVE = YES;
				CLANG_WARN_UNREACHABLE_CODE = YES;
				CLANG_WARN__DUPLICATE_METHOD_MATCH = YES;
				"CODE_SIGN_IDENTITY[sdk=iphoneos*]" = "iPhone Developer";
				COPY_PHASE_STRIP = NO;
				DEBUG_INFORMATION_FORMAT = "dwarf-with-dsym";
				ENABLE_NS_ASSERTIONS = NO;
				ENABLE_STRICT_OBJC_MSGSEND = YES;
				GCC_C_LANGUAGE_STANDARD = gnu99;
				GCC_NO_COMMON_BLOCKS = YES;
				GCC_WARN_64_TO_32_BIT_CONVERSION = YES;
				GCC_WARN_ABOUT_RETURN_TYPE = YES_ERROR;
				GCC_WARN_UNDECLARED_SELECTOR = YES;
				GCC_WARN_UNINITIALIZED_AUTOS = YES_AGGRESSIVE;
				GCC_WARN_UNUSED_FUNCTION = YES;
				GCC_WARN_UNUSED_VARIABLE = YES;
				IPHONEOS_DEPLOYMENT_TARGET = 10.2;
				MTL_ENABLE_DEBUG_INFO = NO;
				SDKROOT = iphoneos;
				SWIFT_OPTIMIZATION_LEVEL = "-Owholemodule";
				TARGETED_DEVICE_FAMILY = "1,2";
				VALIDATE_PRODUCT = YES;
			};
			name = Release;
		};
		D1BF07081E1FB15700CADFD3 /* Debug */ = {
			isa = XCBuildConfiguration;
			buildSettings = {
				ASSETCATALOG_COMPILER_APPICON_NAME = AppIcon;
				DEVELOPMENT_TEAM = W4589PHM8K;
				INFOPLIST_FILE = MrtSnapchat/Info.plist;
				LD_RUNPATH_SEARCH_PATHS = "$(inherited) @executable_path/Frameworks";
				PRODUCT_BUNDLE_IDENTIFIER = com.muratolcay.MrtSnapchat;
				PRODUCT_NAME = "$(TARGET_NAME)";
				SWIFT_VERSION = 3.0;
			};
			name = Debug;
		};
		D1BF07091E1FB15700CADFD3 /* Release */ = {
			isa = XCBuildConfiguration;
			buildSettings = {
				ASSETCATALOG_COMPILER_APPICON_NAME = AppIcon;
				DEVELOPMENT_TEAM = W4589PHM8K;
				INFOPLIST_FILE = MrtSnapchat/Info.plist;
				LD_RUNPATH_SEARCH_PATHS = "$(inherited) @executable_path/Frameworks";
				PRODUCT_BUNDLE_IDENTIFIER = com.muratolcay.MrtSnapchat;
				PRODUCT_NAME = "$(TARGET_NAME)";
				SWIFT_VERSION = 3.0;
			};
			name = Release;
		};
/* End XCBuildConfiguration section */

/* Begin XCConfigurationList section */
		D1BF06F01E1FB15700CADFD3 /* Build configuration list for PBXProject "MrtSnapchat" */ = {
			isa = XCConfigurationList;
			buildConfigurations = (
				D1BF07051E1FB15700CADFD3 /* Debug */,
				D1BF07061E1FB15700CADFD3 /* Release */,
			);
			defaultConfigurationIsVisible = 0;
			defaultConfigurationName = Release;
		};
		D1BF07071E1FB15700CADFD3 /* Build configuration list for PBXNativeTarget "MrtSnapchat" */ = {
			isa = XCConfigurationList;
			buildConfigurations = (
				D1BF07081E1FB15700CADFD3 /* Debug */,
				D1BF07091E1FB15700CADFD3 /* Release */,
			);
			defaultConfigurationIsVisible = 0;
		};
/* End XCConfigurationList section */
	};
	rootObject = D1BF06ED1E1FB15700CADFD3 /* Project object */;
}
